// !$*UTF8*$!
{
	archiveVersion = 1;
	classes = {
	};
	objectVersion = 56;
	objects = {

/* Begin PBXBuildFile section */
		1E55D53829A1439A00618996 /* NewUpcomingGames.swift in Sources */ = {isa = PBXBuildFile; fileRef = 1E55D53729A1439900618996 /* NewUpcomingGames.swift */; };
		1E55D53C29A144DC00618996 /* NewGamesSeed.json in Resources */ = {isa = PBXBuildFile; fileRef = 1E55D53B29A144DC00618996 /* NewGamesSeed.json */; };
		1E55D53E29A1B26700618996 /* StaticData.swift in Sources */ = {isa = PBXBuildFile; fileRef = 1E55D53D29A1B26700618996 /* StaticData.swift */; };
		1E55D54029A1B62B00618996 /* RecordType.swift in Sources */ = {isa = PBXBuildFile; fileRef = 1E55D53F29A1B62B00618996 /* RecordType.swift */; };
		1E55D54229A70CE700618996 /* AwayTeamTrendsView.swift in Sources */ = {isa = PBXBuildFile; fileRef = 1E55D54129A70CE700618996 /* AwayTeamTrendsView.swift */; };
		1E55D54429A70D1E00618996 /* HomeTeamTrendsView.swift in Sources */ = {isa = PBXBuildFile; fileRef = 1E55D54329A70D1E00618996 /* HomeTeamTrendsView.swift */; };
		1E55D54629A70D3F00618996 /* HomeTeamDetailHeaderView.swift in Sources */ = {isa = PBXBuildFile; fileRef = 1E55D54529A70D3F00618996 /* HomeTeamDetailHeaderView.swift */; };
		1E55D54829A70D6600618996 /* AwayTeamDetailHeaderView.swift in Sources */ = {isa = PBXBuildFile; fileRef = 1E55D54729A70D6600618996 /* AwayTeamDetailHeaderView.swift */; };
		1E55D54A29A70D8000618996 /* TeamDeepDiveView.swift in Sources */ = {isa = PBXBuildFile; fileRef = 1E55D54929A70D8000618996 /* TeamDeepDiveView.swift */; };
		1E55D54C29A70DAE00618996 /* PlayingTodayView.swift in Sources */ = {isa = PBXBuildFile; fileRef = 1E55D54B29A70DAE00618996 /* PlayingTodayView.swift */; };
		1E55D54E29A70E0800618996 /* MatchupDeepDiveView.swift in Sources */ = {isa = PBXBuildFile; fileRef = 1E55D54D29A70E0800618996 /* MatchupDeepDiveView.swift */; };
		1E55D55029A70E2100618996 /* HeadToHeadOrSeasonDetailView.swift in Sources */ = {isa = PBXBuildFile; fileRef = 1E55D54F29A70E2100618996 /* HeadToHeadOrSeasonDetailView.swift */; };
		1E55D55229A70E3900618996 /* TeamBetOddsMatchupView.swift in Sources */ = {isa = PBXBuildFile; fileRef = 1E55D55129A70E3900618996 /* TeamBetOddsMatchupView.swift */; };
		1E55D55429A70E6C00618996 /* PreviousMatchupsView.swift in Sources */ = {isa = PBXBuildFile; fileRef = 1E55D55329A70E6C00618996 /* PreviousMatchupsView.swift */; };
		1E55D55829A70E9900618996 /* CardView.swift in Sources */ = {isa = PBXBuildFile; fileRef = 1E55D55729A70E9900618996 /* CardView.swift */; };
		1E55D55A29A7127000618996 /* PlayerBetOddsView.swift in Sources */ = {isa = PBXBuildFile; fileRef = 1E55D55929A7127000618996 /* PlayerBetOddsView.swift */; };
		1E8290B22997050800C48A14 /* TeamDataListView.swift in Sources */ = {isa = PBXBuildFile; fileRef = 1E8290B12997050800C48A14 /* TeamDataListView.swift */; };
		1E8290B42997F65600C48A14 /* MatchupDetailView.swift in Sources */ = {isa = PBXBuildFile; fileRef = 1E8290B32997F65600C48A14 /* MatchupDetailView.swift */; };
		1E8290B62997F69E00C48A14 /* Last5View.swift in Sources */ = {isa = PBXBuildFile; fileRef = 1E8290B52997F69E00C48A14 /* Last5View.swift */; };
		1E8290B82997FA1D00C48A14 /* UpcomingGames.json in Resources */ = {isa = PBXBuildFile; fileRef = 1E8290B72997FA1D00C48A14 /* UpcomingGames.json */; };
		1E8C55A02974BAAE0061498C /* BetWellApp.swift in Sources */ = {isa = PBXBuildFile; fileRef = 1E8C559F2974BAAE0061498C /* BetWellApp.swift */; };
		1E8C55A22974BAAE0061498C /* ContentView.swift in Sources */ = {isa = PBXBuildFile; fileRef = 1E8C55A12974BAAE0061498C /* ContentView.swift */; };
		1E8C55A42974BAB20061498C /* Assets.xcassets in Resources */ = {isa = PBXBuildFile; fileRef = 1E8C55A32974BAB20061498C /* Assets.xcassets */; };
		1E8C55A72974BAB20061498C /* Preview Assets.xcassets in Resources */ = {isa = PBXBuildFile; fileRef = 1E8C55A62974BAB20061498C /* Preview Assets.xcassets */; };
		1E8C55A92974BAB20061498C /* Persistence.swift in Sources */ = {isa = PBXBuildFile; fileRef = 1E8C55A82974BAB20061498C /* Persistence.swift */; };
		1E8C55AC2974BAB20061498C /* BetWell.xcdatamodeld in Sources */ = {isa = PBXBuildFile; fileRef = 1E8C55AA2974BAB20061498C /* BetWell.xcdatamodeld */; };
		1E8C55B62974BAB20061498C /* BetWellTests.swift in Sources */ = {isa = PBXBuildFile; fileRef = 1E8C55B52974BAB20061498C /* BetWellTests.swift */; };
		1E8C55C02974BAB20061498C /* BetWellUITests.swift in Sources */ = {isa = PBXBuildFile; fileRef = 1E8C55BF2974BAB20061498C /* BetWellUITests.swift */; };
		1E8C55C22974BAB20061498C /* BetWellUITestsLaunchTests.swift in Sources */ = {isa = PBXBuildFile; fileRef = 1E8C55C12974BAB20061498C /* BetWellUITestsLaunchTests.swift */; };
		1E8C55CF297635870061498C /* DetailView.swift in Sources */ = {isa = PBXBuildFile; fileRef = 1E8C55CE297635870061498C /* DetailView.swift */; };
		1E8C55D1297636460061498C /* MatchupView.swift in Sources */ = {isa = PBXBuildFile; fileRef = 1E8C55D0297636460061498C /* MatchupView.swift */; };
		1E96920F29933B970085AF0E /* SampleData.json in Resources */ = {isa = PBXBuildFile; fileRef = 1E96920E29933B970085AF0E /* SampleData.json */; };
		1E9692122993466C0085AF0E /* SamplePlayerOdds.json in Resources */ = {isa = PBXBuildFile; fileRef = 1E9692112993466C0085AF0E /* SamplePlayerOdds.json */; };
		1EF9CC4C29A9752F004943A9 /* PlayerDeepDiveView.swift in Sources */ = {isa = PBXBuildFile; fileRef = 1EF9CC4B29A9752E004943A9 /* PlayerDeepDiveView.swift */; };
		1EF9CC4E29A97FC6004943A9 /* BannerAdView.swift in Sources */ = {isa = PBXBuildFile; fileRef = 1EF9CC4D29A97FC6004943A9 /* BannerAdView.swift */; };
		1EF9CC5629A98130004943A9 /* GoogleMobileAds in Frameworks */ = {isa = PBXBuildFile; productRef = 1EF9CC5529A98130004943A9 /* GoogleMobileAds */; };
		1EFC4576298DCC0C00AD5C44 /* Networking.swift in Sources */ = {isa = PBXBuildFile; fileRef = 1EFC4575298DCC0C00AD5C44 /* Networking.swift */; };
		1EFC4578298DCF9100AD5C44 /* Games.swift in Sources */ = {isa = PBXBuildFile; fileRef = 1EFC4577298DCF9100AD5C44 /* Games.swift */; };
/* End PBXBuildFile section */

/* Begin PBXContainerItemProxy section */
		1E8C55B22974BAB20061498C /* PBXContainerItemProxy */ = {
			isa = PBXContainerItemProxy;
			containerPortal = 1E8C55942974BAAE0061498C /* Project object */;
			proxyType = 1;
			remoteGlobalIDString = 1E8C559B2974BAAE0061498C;
			remoteInfo = BetWell;
		};
		1E8C55BC2974BAB20061498C /* PBXContainerItemProxy */ = {
			isa = PBXContainerItemProxy;
			containerPortal = 1E8C55942974BAAE0061498C /* Project object */;
			proxyType = 1;
			remoteGlobalIDString = 1E8C559B2974BAAE0061498C;
			remoteInfo = BetWell;
		};
/* End PBXContainerItemProxy section */

/* Begin PBXFileReference section */
		1E55D53729A1439900618996 /* NewUpcomingGames.swift */ = {isa = PBXFileReference; lastKnownFileType = sourcecode.swift; path = NewUpcomingGames.swift; sourceTree = "<group>"; };
		1E55D53B29A144DC00618996 /* NewGamesSeed.json */ = {isa = PBXFileReference; lastKnownFileType = text.json; path = NewGamesSeed.json; sourceTree = "<group>"; };
		1E55D53D29A1B26700618996 /* StaticData.swift */ = {isa = PBXFileReference; lastKnownFileType = sourcecode.swift; path = StaticData.swift; sourceTree = "<group>"; };
		1E55D53F29A1B62B00618996 /* RecordType.swift */ = {isa = PBXFileReference; lastKnownFileType = sourcecode.swift; path = RecordType.swift; sourceTree = "<group>"; };
		1E55D54129A70CE700618996 /* AwayTeamTrendsView.swift */ = {isa = PBXFileReference; lastKnownFileType = sourcecode.swift; path = AwayTeamTrendsView.swift; sourceTree = "<group>"; };
		1E55D54329A70D1E00618996 /* HomeTeamTrendsView.swift */ = {isa = PBXFileReference; lastKnownFileType = sourcecode.swift; path = HomeTeamTrendsView.swift; sourceTree = "<group>"; };
		1E55D54529A70D3F00618996 /* HomeTeamDetailHeaderView.swift */ = {isa = PBXFileReference; lastKnownFileType = sourcecode.swift; path = HomeTeamDetailHeaderView.swift; sourceTree = "<group>"; };
		1E55D54729A70D6600618996 /* AwayTeamDetailHeaderView.swift */ = {isa = PBXFileReference; lastKnownFileType = sourcecode.swift; path = AwayTeamDetailHeaderView.swift; sourceTree = "<group>"; };
		1E55D54929A70D8000618996 /* TeamDeepDiveView.swift */ = {isa = PBXFileReference; lastKnownFileType = sourcecode.swift; path = TeamDeepDiveView.swift; sourceTree = "<group>"; };
		1E55D54B29A70DAE00618996 /* PlayingTodayView.swift */ = {isa = PBXFileReference; lastKnownFileType = sourcecode.swift; path = PlayingTodayView.swift; sourceTree = "<group>"; };
		1E55D54D29A70E0800618996 /* MatchupDeepDiveView.swift */ = {isa = PBXFileReference; lastKnownFileType = sourcecode.swift; path = MatchupDeepDiveView.swift; sourceTree = "<group>"; };
		1E55D54F29A70E2100618996 /* HeadToHeadOrSeasonDetailView.swift */ = {isa = PBXFileReference; lastKnownFileType = sourcecode.swift; path = HeadToHeadOrSeasonDetailView.swift; sourceTree = "<group>"; };
		1E55D55129A70E3900618996 /* TeamBetOddsMatchupView.swift */ = {isa = PBXFileReference; lastKnownFileType = sourcecode.swift; path = TeamBetOddsMatchupView.swift; sourceTree = "<group>"; };
		1E55D55329A70E6C00618996 /* PreviousMatchupsView.swift */ = {isa = PBXFileReference; lastKnownFileType = sourcecode.swift; path = PreviousMatchupsView.swift; sourceTree = "<group>"; };
		1E55D55729A70E9900618996 /* CardView.swift */ = {isa = PBXFileReference; lastKnownFileType = sourcecode.swift; path = CardView.swift; sourceTree = "<group>"; };
		1E55D55929A7127000618996 /* PlayerBetOddsView.swift */ = {isa = PBXFileReference; lastKnownFileType = sourcecode.swift; path = PlayerBetOddsView.swift; sourceTree = "<group>"; };
		1E8290B12997050800C48A14 /* TeamDataListView.swift */ = {isa = PBXFileReference; lastKnownFileType = sourcecode.swift; path = TeamDataListView.swift; sourceTree = "<group>"; };
		1E8290B32997F65600C48A14 /* MatchupDetailView.swift */ = {isa = PBXFileReference; lastKnownFileType = sourcecode.swift; path = MatchupDetailView.swift; sourceTree = "<group>"; };
		1E8290B52997F69E00C48A14 /* Last5View.swift */ = {isa = PBXFileReference; lastKnownFileType = sourcecode.swift; path = Last5View.swift; sourceTree = "<group>"; };
		1E8290B72997FA1D00C48A14 /* UpcomingGames.json */ = {isa = PBXFileReference; lastKnownFileType = text.json; path = UpcomingGames.json; sourceTree = "<group>"; };
		1E8C559C2974BAAE0061498C /* BetWell.app */ = {isa = PBXFileReference; explicitFileType = wrapper.application; includeInIndex = 0; path = BetWell.app; sourceTree = BUILT_PRODUCTS_DIR; };
		1E8C559F2974BAAE0061498C /* BetWellApp.swift */ = {isa = PBXFileReference; lastKnownFileType = sourcecode.swift; path = BetWellApp.swift; sourceTree = "<group>"; };
		1E8C55A12974BAAE0061498C /* ContentView.swift */ = {isa = PBXFileReference; lastKnownFileType = sourcecode.swift; path = ContentView.swift; sourceTree = "<group>"; };
		1E8C55A32974BAB20061498C /* Assets.xcassets */ = {isa = PBXFileReference; lastKnownFileType = folder.assetcatalog; path = Assets.xcassets; sourceTree = "<group>"; };
		1E8C55A62974BAB20061498C /* Preview Assets.xcassets */ = {isa = PBXFileReference; lastKnownFileType = folder.assetcatalog; path = "Preview Assets.xcassets"; sourceTree = "<group>"; };
		1E8C55A82974BAB20061498C /* Persistence.swift */ = {isa = PBXFileReference; lastKnownFileType = sourcecode.swift; path = Persistence.swift; sourceTree = "<group>"; };
		1E8C55AB2974BAB20061498C /* BetWell.xcdatamodel */ = {isa = PBXFileReference; lastKnownFileType = wrapper.xcdatamodel; path = BetWell.xcdatamodel; sourceTree = "<group>"; };
		1E8C55B12974BAB20061498C /* BetWellTests.xctest */ = {isa = PBXFileReference; explicitFileType = wrapper.cfbundle; includeInIndex = 0; path = BetWellTests.xctest; sourceTree = BUILT_PRODUCTS_DIR; };
		1E8C55B52974BAB20061498C /* BetWellTests.swift */ = {isa = PBXFileReference; lastKnownFileType = sourcecode.swift; path = BetWellTests.swift; sourceTree = "<group>"; };
		1E8C55BB2974BAB20061498C /* BetWellUITests.xctest */ = {isa = PBXFileReference; explicitFileType = wrapper.cfbundle; includeInIndex = 0; path = BetWellUITests.xctest; sourceTree = BUILT_PRODUCTS_DIR; };
		1E8C55BF2974BAB20061498C /* BetWellUITests.swift */ = {isa = PBXFileReference; lastKnownFileType = sourcecode.swift; path = BetWellUITests.swift; sourceTree = "<group>"; };
		1E8C55C12974BAB20061498C /* BetWellUITestsLaunchTests.swift */ = {isa = PBXFileReference; lastKnownFileType = sourcecode.swift; path = BetWellUITestsLaunchTests.swift; sourceTree = "<group>"; };
		1E8C55CE297635870061498C /* DetailView.swift */ = {isa = PBXFileReference; lastKnownFileType = sourcecode.swift; path = DetailView.swift; sourceTree = "<group>"; };
		1E8C55D0297636460061498C /* MatchupView.swift */ = {isa = PBXFileReference; lastKnownFileType = sourcecode.swift; path = MatchupView.swift; sourceTree = "<group>"; };
		1E96920E29933B970085AF0E /* SampleData.json */ = {isa = PBXFileReference; lastKnownFileType = text.json; path = SampleData.json; sourceTree = "<group>"; };
		1E9692112993466C0085AF0E /* SamplePlayerOdds.json */ = {isa = PBXFileReference; lastKnownFileType = text.json; path = SamplePlayerOdds.json; sourceTree = "<group>"; };
		1EF9CC4B29A9752E004943A9 /* PlayerDeepDiveView.swift */ = {isa = PBXFileReference; lastKnownFileType = sourcecode.swift; path = PlayerDeepDiveView.swift; sourceTree = "<group>"; };
		1EF9CC4D29A97FC6004943A9 /* BannerAdView.swift */ = {isa = PBXFileReference; lastKnownFileType = sourcecode.swift; path = BannerAdView.swift; sourceTree = "<group>"; };
		1EF9CC5029A980D1004943A9 /* GoogleMobileAds.framework */ = {isa = PBXFileReference; lastKnownFileType = wrapper.framework; name = GoogleMobileAds.framework; path = "../../Downloads/GoogleMobileAdsSdkiOS-10.1.0/GoogleMobileAds.xcframework/ios-arm64_armv7/GoogleMobileAds.framework"; sourceTree = "<group>"; };
		1EFC4575298DCC0C00AD5C44 /* Networking.swift */ = {isa = PBXFileReference; lastKnownFileType = sourcecode.swift; path = Networking.swift; sourceTree = "<group>"; };
		1EFC4577298DCF9100AD5C44 /* Games.swift */ = {isa = PBXFileReference; lastKnownFileType = sourcecode.swift; path = Games.swift; sourceTree = "<group>"; };
/* End PBXFileReference section */

/* Begin PBXFrameworksBuildPhase section */
		1E8C55992974BAAE0061498C /* Frameworks */ = {
			isa = PBXFrameworksBuildPhase;
			buildActionMask = 2147483647;
			files = (
				1EF9CC5629A98130004943A9 /* GoogleMobileAds in Frameworks */,
			);
			runOnlyForDeploymentPostprocessing = 0;
		};
		1E8C55AE2974BAB20061498C /* Frameworks */ = {
			isa = PBXFrameworksBuildPhase;
			buildActionMask = 2147483647;
			files = (
			);
			runOnlyForDeploymentPostprocessing = 0;
		};
		1E8C55B82974BAB20061498C /* Frameworks */ = {
			isa = PBXFrameworksBuildPhase;
			buildActionMask = 2147483647;
			files = (
			);
			runOnlyForDeploymentPostprocessing = 0;
		};
/* End PBXFrameworksBuildPhase section */

/* Begin PBXGroup section */
		1E8290B92997FC5B00C48A14 /* View */ = {
			isa = PBXGroup;
			children = (
				1E8290B32997F65600C48A14 /* MatchupDetailView.swift */,
				1E8C55CE297635870061498C /* DetailView.swift */,
				1E8C55D0297636460061498C /* MatchupView.swift */,
				1E8C55A12974BAAE0061498C /* ContentView.swift */,
				1E8290B52997F69E00C48A14 /* Last5View.swift */,
				1E8290B12997050800C48A14 /* TeamDataListView.swift */,
				1E55D54129A70CE700618996 /* AwayTeamTrendsView.swift */,
				1E55D54329A70D1E00618996 /* HomeTeamTrendsView.swift */,
				1E55D54529A70D3F00618996 /* HomeTeamDetailHeaderView.swift */,
				1E55D54729A70D6600618996 /* AwayTeamDetailHeaderView.swift */,
				1E55D54929A70D8000618996 /* TeamDeepDiveView.swift */,
				1E55D54B29A70DAE00618996 /* PlayingTodayView.swift */,
				1E55D54D29A70E0800618996 /* MatchupDeepDiveView.swift */,
				1E55D54F29A70E2100618996 /* HeadToHeadOrSeasonDetailView.swift */,
				1E55D55129A70E3900618996 /* TeamBetOddsMatchupView.swift */,
				1E55D55329A70E6C00618996 /* PreviousMatchupsView.swift */,
				1E55D55729A70E9900618996 /* CardView.swift */,
				1E55D55929A7127000618996 /* PlayerBetOddsView.swift */,
				1EF9CC4B29A9752E004943A9 /* PlayerDeepDiveView.swift */,
				1EF9CC4D29A97FC6004943A9 /* BannerAdView.swift */,
			);
			path = View;
			sourceTree = "<group>";
		};
		1E8290BA2997FC6400C48A14 /* ViewModel */ = {
			isa = PBXGroup;
			children = (
			);
			path = ViewModel;
			sourceTree = "<group>";
		};
		1E8290BB2997FC6B00C48A14 /* Model */ = {
			isa = PBXGroup;
			children = (
				1EFC4577298DCF9100AD5C44 /* Games.swift */,
				1EFC4575298DCC0C00AD5C44 /* Networking.swift */,
				1E8C55A82974BAB20061498C /* Persistence.swift */,
				1E55D53729A1439900618996 /* NewUpcomingGames.swift */,
				1E55D53D29A1B26700618996 /* StaticData.swift */,
				1E55D53F29A1B62B00618996 /* RecordType.swift */,
			);
			path = Model;
			sourceTree = "<group>";
		};
		1E8290BC2997FC9900C48A14 /* App */ = {
			isa = PBXGroup;
			children = (
				1E8C559F2974BAAE0061498C /* BetWellApp.swift */,
			);
			path = App;
			sourceTree = "<group>";
		};
		1E8C55932974BAAE0061498C = {
			isa = PBXGroup;
			children = (
				1E8C559E2974BAAE0061498C /* BetWell */,
				1E8C55B42974BAB20061498C /* BetWellTests */,
				1E8C55BE2974BAB20061498C /* BetWellUITests */,
				1E8C559D2974BAAE0061498C /* Products */,
				1EF9CC4F29A980CF004943A9 /* Frameworks */,
			);
			sourceTree = "<group>";
		};
		1E8C559D2974BAAE0061498C /* Products */ = {
			isa = PBXGroup;
			children = (
				1E8C559C2974BAAE0061498C /* BetWell.app */,
				1E8C55B12974BAB20061498C /* BetWellTests.xctest */,
				1E8C55BB2974BAB20061498C /* BetWellUITests.xctest */,
			);
			name = Products;
			sourceTree = "<group>";
		};
		1E8C559E2974BAAE0061498C /* BetWell */ = {
			isa = PBXGroup;
			children = (
				1E8290BC2997FC9900C48A14 /* App */,
				1E8290BB2997FC6B00C48A14 /* Model */,
				1E8290BA2997FC6400C48A14 /* ViewModel */,
				1E8290B92997FC5B00C48A14 /* View */,
				1E969210299346500085AF0E /* SampleJSON */,
				1E8C55A32974BAB20061498C /* Assets.xcassets */,
				1E8C55AA2974BAB20061498C /* BetWell.xcdatamodeld */,
				1E8C55A52974BAB20061498C /* Preview Content */,
			);
			path = BetWell;
			sourceTree = "<group>";
		};
		1E8C55A52974BAB20061498C /* Preview Content */ = {
			isa = PBXGroup;
			children = (
				1E8C55A62974BAB20061498C /* Preview Assets.xcassets */,
			);
			path = "Preview Content";
			sourceTree = "<group>";
		};
		1E8C55B42974BAB20061498C /* BetWellTests */ = {
			isa = PBXGroup;
			children = (
				1E8C55B52974BAB20061498C /* BetWellTests.swift */,
			);
			path = BetWellTests;
			sourceTree = "<group>";
		};
		1E8C55BE2974BAB20061498C /* BetWellUITests */ = {
			isa = PBXGroup;
			children = (
				1E8C55BF2974BAB20061498C /* BetWellUITests.swift */,
				1E8C55C12974BAB20061498C /* BetWellUITestsLaunchTests.swift */,
			);
			path = BetWellUITests;
			sourceTree = "<group>";
		};
		1E969210299346500085AF0E /* SampleJSON */ = {
			isa = PBXGroup;
			children = (
				1E96920E29933B970085AF0E /* SampleData.json */,
				1E9692112993466C0085AF0E /* SamplePlayerOdds.json */,
				1E8290B72997FA1D00C48A14 /* UpcomingGames.json */,
				1E55D53B29A144DC00618996 /* NewGamesSeed.json */,
			);
			path = SampleJSON;
			sourceTree = "<group>";
		};
		1EF9CC4F29A980CF004943A9 /* Frameworks */ = {
			isa = PBXGroup;
			children = (
				1EF9CC5029A980D1004943A9 /* GoogleMobileAds.framework */,
			);
			name = Frameworks;
			sourceTree = "<group>";
		};
/* End PBXGroup section */

/* Begin PBXNativeTarget section */
		1E8C559B2974BAAE0061498C /* BetWell */ = {
			isa = PBXNativeTarget;
			buildConfigurationList = 1E8C55C52974BAB20061498C /* Build configuration list for PBXNativeTarget "BetWell" */;
			buildPhases = (
				1E8C55982974BAAE0061498C /* Sources */,
				1E8C55992974BAAE0061498C /* Frameworks */,
				1E8C559A2974BAAE0061498C /* Resources */,
			);
			buildRules = (
			);
			dependencies = (
			);
			name = BetWell;
			packageProductDependencies = (
				1EF9CC5529A98130004943A9 /* GoogleMobileAds */,
			);
			productName = BetWell;
			productReference = 1E8C559C2974BAAE0061498C /* BetWell.app */;
			productType = "com.apple.product-type.application";
		};
		1E8C55B02974BAB20061498C /* BetWellTests */ = {
			isa = PBXNativeTarget;
			buildConfigurationList = 1E8C55C82974BAB20061498C /* Build configuration list for PBXNativeTarget "BetWellTests" */;
			buildPhases = (
				1E8C55AD2974BAB20061498C /* Sources */,
				1E8C55AE2974BAB20061498C /* Frameworks */,
				1E8C55AF2974BAB20061498C /* Resources */,
			);
			buildRules = (
			);
			dependencies = (
				1E8C55B32974BAB20061498C /* PBXTargetDependency */,
			);
			name = BetWellTests;
			productName = BetWellTests;
			productReference = 1E8C55B12974BAB20061498C /* BetWellTests.xctest */;
			productType = "com.apple.product-type.bundle.unit-test";
		};
		1E8C55BA2974BAB20061498C /* BetWellUITests */ = {
			isa = PBXNativeTarget;
			buildConfigurationList = 1E8C55CB2974BAB20061498C /* Build configuration list for PBXNativeTarget "BetWellUITests" */;
			buildPhases = (
				1E8C55B72974BAB20061498C /* Sources */,
				1E8C55B82974BAB20061498C /* Frameworks */,
				1E8C55B92974BAB20061498C /* Resources */,
			);
			buildRules = (
			);
			dependencies = (
				1E8C55BD2974BAB20061498C /* PBXTargetDependency */,
			);
			name = BetWellUITests;
			productName = BetWellUITests;
			productReference = 1E8C55BB2974BAB20061498C /* BetWellUITests.xctest */;
			productType = "com.apple.product-type.bundle.ui-testing";
		};
/* End PBXNativeTarget section */

/* Begin PBXProject section */
		1E8C55942974BAAE0061498C /* Project object */ = {
			isa = PBXProject;
			attributes = {
				BuildIndependentTargetsInParallel = 1;
				LastSwiftUpdateCheck = 1420;
				LastUpgradeCheck = 1420;
				TargetAttributes = {
					1E8C559B2974BAAE0061498C = {
						CreatedOnToolsVersion = 14.2;
					};
					1E8C55B02974BAB20061498C = {
						CreatedOnToolsVersion = 14.2;
						TestTargetID = 1E8C559B2974BAAE0061498C;
					};
					1E8C55BA2974BAB20061498C = {
						CreatedOnToolsVersion = 14.2;
						TestTargetID = 1E8C559B2974BAAE0061498C;
					};
				};
			};
			buildConfigurationList = 1E8C55972974BAAE0061498C /* Build configuration list for PBXProject "BetWell" */;
			compatibilityVersion = "Xcode 14.0";
			developmentRegion = en;
			hasScannedForEncodings = 0;
			knownRegions = (
				en,
				Base,
			);
			mainGroup = 1E8C55932974BAAE0061498C;
			packageReferences = (
				1EF9CC5429A98130004943A9 /* XCRemoteSwiftPackageReference "swift-package-manager-google-mobile-ads" */,
			);
			productRefGroup = 1E8C559D2974BAAE0061498C /* Products */;
			projectDirPath = "";
			projectRoot = "";
			targets = (
				1E8C559B2974BAAE0061498C /* BetWell */,
				1E8C55B02974BAB20061498C /* BetWellTests */,
				1E8C55BA2974BAB20061498C /* BetWellUITests */,
			);
		};
/* End PBXProject section */

/* Begin PBXResourcesBuildPhase section */
		1E8C559A2974BAAE0061498C /* Resources */ = {
			isa = PBXResourcesBuildPhase;
			buildActionMask = 2147483647;
			files = (
				1E8C55A72974BAB20061498C /* Preview Assets.xcassets in Resources */,
				1E55D53C29A144DC00618996 /* NewGamesSeed.json in Resources */,
				1E8290B82997FA1D00C48A14 /* UpcomingGames.json in Resources */,
				1E96920F29933B970085AF0E /* SampleData.json in Resources */,
				1E9692122993466C0085AF0E /* SamplePlayerOdds.json in Resources */,
				1E8C55A42974BAB20061498C /* Assets.xcassets in Resources */,
			);
			runOnlyForDeploymentPostprocessing = 0;
		};
		1E8C55AF2974BAB20061498C /* Resources */ = {
			isa = PBXResourcesBuildPhase;
			buildActionMask = 2147483647;
			files = (
			);
			runOnlyForDeploymentPostprocessing = 0;
		};
		1E8C55B92974BAB20061498C /* Resources */ = {
			isa = PBXResourcesBuildPhase;
			buildActionMask = 2147483647;
			files = (
			);
			runOnlyForDeploymentPostprocessing = 0;
		};
/* End PBXResourcesBuildPhase section */

/* Begin PBXSourcesBuildPhase section */
		1E8C55982974BAAE0061498C /* Sources */ = {
			isa = PBXSourcesBuildPhase;
			buildActionMask = 2147483647;
			files = (
				1E8C55A92974BAB20061498C /* Persistence.swift in Sources */,
				1E55D54029A1B62B00618996 /* RecordType.swift in Sources */,
				1E55D54229A70CE700618996 /* AwayTeamTrendsView.swift in Sources */,
				1EF9CC4E29A97FC6004943A9 /* BannerAdView.swift in Sources */,
				1E55D55229A70E3900618996 /* TeamBetOddsMatchupView.swift in Sources */,
				1E8C55A22974BAAE0061498C /* ContentView.swift in Sources */,
				1E55D55029A70E2100618996 /* HeadToHeadOrSeasonDetailView.swift in Sources */,
				1E8290B42997F65600C48A14 /* MatchupDetailView.swift in Sources */,
				1E55D54E29A70E0800618996 /* MatchupDeepDiveView.swift in Sources */,
				1E55D54629A70D3F00618996 /* HomeTeamDetailHeaderView.swift in Sources */,
				1EF9CC4C29A9752F004943A9 /* PlayerDeepDiveView.swift in Sources */,
				1E8C55A02974BAAE0061498C /* BetWellApp.swift in Sources */,
				1E8290B62997F69E00C48A14 /* Last5View.swift in Sources */,
				1EFC4578298DCF9100AD5C44 /* Games.swift in Sources */,
				1E55D54C29A70DAE00618996 /* PlayingTodayView.swift in Sources */,
				1E55D55A29A7127000618996 /* PlayerBetOddsView.swift in Sources */,
				1E8C55D1297636460061498C /* MatchupView.swift in Sources */,
				1E55D55829A70E9900618996 /* CardView.swift in Sources */,
				1E8290B22997050800C48A14 /* TeamDataListView.swift in Sources */,
				1E8C55CF297635870061498C /* DetailView.swift in Sources */,
				1E8C55AC2974BAB20061498C /* BetWell.xcdatamodeld in Sources */,
				1E55D53829A1439A00618996 /* NewUpcomingGames.swift in Sources */,
				1E55D55429A70E6C00618996 /* PreviousMatchupsView.swift in Sources */,
				1E55D53E29A1B26700618996 /* StaticData.swift in Sources */,
				1E55D54A29A70D8000618996 /* TeamDeepDiveView.swift in Sources */,
				1E55D54429A70D1E00618996 /* HomeTeamTrendsView.swift in Sources */,
				1EFC4576298DCC0C00AD5C44 /* Networking.swift in Sources */,
				1E55D54829A70D6600618996 /* AwayTeamDetailHeaderView.swift in Sources */,
			);
			runOnlyForDeploymentPostprocessing = 0;
		};
		1E8C55AD2974BAB20061498C /* Sources */ = {
			isa = PBXSourcesBuildPhase;
			buildActionMask = 2147483647;
			files = (
				1E8C55B62974BAB20061498C /* BetWellTests.swift in Sources */,
			);
			runOnlyForDeploymentPostprocessing = 0;
		};
		1E8C55B72974BAB20061498C /* Sources */ = {
			isa = PBXSourcesBuildPhase;
			buildActionMask = 2147483647;
			files = (
				1E8C55C22974BAB20061498C /* BetWellUITestsLaunchTests.swift in Sources */,
				1E8C55C02974BAB20061498C /* BetWellUITests.swift in Sources */,
			);
			runOnlyForDeploymentPostprocessing = 0;
		};
/* End PBXSourcesBuildPhase section */

/* Begin PBXTargetDependency section */
		1E8C55B32974BAB20061498C /* PBXTargetDependency */ = {
			isa = PBXTargetDependency;
			target = 1E8C559B2974BAAE0061498C /* BetWell */;
			targetProxy = 1E8C55B22974BAB20061498C /* PBXContainerItemProxy */;
		};
		1E8C55BD2974BAB20061498C /* PBXTargetDependency */ = {
			isa = PBXTargetDependency;
			target = 1E8C559B2974BAAE0061498C /* BetWell */;
			targetProxy = 1E8C55BC2974BAB20061498C /* PBXContainerItemProxy */;
		};
/* End PBXTargetDependency section */

/* Begin XCBuildConfiguration section */
		1E8C55C32974BAB20061498C /* Debug */ = {
			isa = XCBuildConfiguration;
			buildSettings = {
				ALWAYS_SEARCH_USER_PATHS = NO;
				CLANG_ANALYZER_NONNULL = YES;
				CLANG_ANALYZER_NUMBER_OBJECT_CONVERSION = YES_AGGRESSIVE;
				CLANG_CXX_LANGUAGE_STANDARD = "gnu++20";
				CLANG_ENABLE_MODULES = YES;
				CLANG_ENABLE_OBJC_ARC = YES;
				CLANG_ENABLE_OBJC_WEAK = YES;
				CLANG_WARN_BLOCK_CAPTURE_AUTORELEASING = YES;
				CLANG_WARN_BOOL_CONVERSION = YES;
				CLANG_WARN_COMMA = YES;
				CLANG_WARN_CONSTANT_CONVERSION = YES;
				CLANG_WARN_DEPRECATED_OBJC_IMPLEMENTATIONS = YES;
				CLANG_WARN_DIRECT_OBJC_ISA_USAGE = YES_ERROR;
				CLANG_WARN_DOCUMENTATION_COMMENTS = YES;
				CLANG_WARN_EMPTY_BODY = YES;
				CLANG_WARN_ENUM_CONVERSION = YES;
				CLANG_WARN_INFINITE_RECURSION = YES;
				CLANG_WARN_INT_CONVERSION = YES;
				CLANG_WARN_NON_LITERAL_NULL_CONVERSION = YES;
				CLANG_WARN_OBJC_IMPLICIT_RETAIN_SELF = YES;
				CLANG_WARN_OBJC_LITERAL_CONVERSION = YES;
				CLANG_WARN_OBJC_ROOT_CLASS = YES_ERROR;
				CLANG_WARN_QUOTED_INCLUDE_IN_FRAMEWORK_HEADER = YES;
				CLANG_WARN_RANGE_LOOP_ANALYSIS = YES;
				CLANG_WARN_STRICT_PROTOTYPES = YES;
				CLANG_WARN_SUSPICIOUS_MOVE = YES;
				CLANG_WARN_UNGUARDED_AVAILABILITY = YES_AGGRESSIVE;
				CLANG_WARN_UNREACHABLE_CODE = YES;
				CLANG_WARN__DUPLICATE_METHOD_MATCH = YES;
				COPY_PHASE_STRIP = NO;
				DEBUG_INFORMATION_FORMAT = dwarf;
				ENABLE_STRICT_OBJC_MSGSEND = YES;
				ENABLE_TESTABILITY = YES;
				GCC_C_LANGUAGE_STANDARD = gnu11;
				GCC_DYNAMIC_NO_PIC = NO;
				GCC_NO_COMMON_BLOCKS = YES;
				GCC_OPTIMIZATION_LEVEL = 0;
				GCC_PREPROCESSOR_DEFINITIONS = (
					"DEBUG=1",
					"$(inherited)",
				);
				GCC_WARN_64_TO_32_BIT_CONVERSION = YES;
				GCC_WARN_ABOUT_RETURN_TYPE = YES_ERROR;
				GCC_WARN_UNDECLARED_SELECTOR = YES;
				GCC_WARN_UNINITIALIZED_AUTOS = YES_AGGRESSIVE;
				GCC_WARN_UNUSED_FUNCTION = YES;
				GCC_WARN_UNUSED_VARIABLE = YES;
				IPHONEOS_DEPLOYMENT_TARGET = 16.2;
				MTL_ENABLE_DEBUG_INFO = INCLUDE_SOURCE;
				MTL_FAST_MATH = YES;
				ONLY_ACTIVE_ARCH = YES;
				SDKROOT = iphoneos;
				SWIFT_ACTIVE_COMPILATION_CONDITIONS = DEBUG;
				SWIFT_OPTIMIZATION_LEVEL = "-Onone";
			};
			name = Debug;
		};
		1E8C55C42974BAB20061498C /* Release */ = {
			isa = XCBuildConfiguration;
			buildSettings = {
				ALWAYS_SEARCH_USER_PATHS = NO;
				CLANG_ANALYZER_NONNULL = YES;
				CLANG_ANALYZER_NUMBER_OBJECT_CONVERSION = YES_AGGRESSIVE;
				CLANG_CXX_LANGUAGE_STANDARD = "gnu++20";
				CLANG_ENABLE_MODULES = YES;
				CLANG_ENABLE_OBJC_ARC = YES;
				CLANG_ENABLE_OBJC_WEAK = YES;
				CLANG_WARN_BLOCK_CAPTURE_AUTORELEASING = YES;
				CLANG_WARN_BOOL_CONVERSION = YES;
				CLANG_WARN_COMMA = YES;
				CLANG_WARN_CONSTANT_CONVERSION = YES;
				CLANG_WARN_DEPRECATED_OBJC_IMPLEMENTATIONS = YES;
				CLANG_WARN_DIRECT_OBJC_ISA_USAGE = YES_ERROR;
				CLANG_WARN_DOCUMENTATION_COMMENTS = YES;
				CLANG_WARN_EMPTY_BODY = YES;
				CLANG_WARN_ENUM_CONVERSION = YES;
				CLANG_WARN_INFINITE_RECURSION = YES;
				CLANG_WARN_INT_CONVERSION = YES;
				CLANG_WARN_NON_LITERAL_NULL_CONVERSION = YES;
				CLANG_WARN_OBJC_IMPLICIT_RETAIN_SELF = YES;
				CLANG_WARN_OBJC_LITERAL_CONVERSION = YES;
				CLANG_WARN_OBJC_ROOT_CLASS = YES_ERROR;
				CLANG_WARN_QUOTED_INCLUDE_IN_FRAMEWORK_HEADER = YES;
				CLANG_WARN_RANGE_LOOP_ANALYSIS = YES;
				CLANG_WARN_STRICT_PROTOTYPES = YES;
				CLANG_WARN_SUSPICIOUS_MOVE = YES;
				CLANG_WARN_UNGUARDED_AVAILABILITY = YES_AGGRESSIVE;
				CLANG_WARN_UNREACHABLE_CODE = YES;
				CLANG_WARN__DUPLICATE_METHOD_MATCH = YES;
				COPY_PHASE_STRIP = NO;
				DEBUG_INFORMATION_FORMAT = "dwarf-with-dsym";
				ENABLE_NS_ASSERTIONS = NO;
				ENABLE_STRICT_OBJC_MSGSEND = YES;
				GCC_C_LANGUAGE_STANDARD = gnu11;
				GCC_NO_COMMON_BLOCKS = YES;
				GCC_WARN_64_TO_32_BIT_CONVERSION = YES;
				GCC_WARN_ABOUT_RETURN_TYPE = YES_ERROR;
				GCC_WARN_UNDECLARED_SELECTOR = YES;
				GCC_WARN_UNINITIALIZED_AUTOS = YES_AGGRESSIVE;
				GCC_WARN_UNUSED_FUNCTION = YES;
				GCC_WARN_UNUSED_VARIABLE = YES;
				IPHONEOS_DEPLOYMENT_TARGET = 16.2;
				MTL_ENABLE_DEBUG_INFO = NO;
				MTL_FAST_MATH = YES;
				SDKROOT = iphoneos;
				SWIFT_COMPILATION_MODE = wholemodule;
				SWIFT_OPTIMIZATION_LEVEL = "-O";
				VALIDATE_PRODUCT = YES;
			};
			name = Release;
		};
		1E8C55C62974BAB20061498C /* Debug */ = {
			isa = XCBuildConfiguration;
			buildSettings = {
				ASSETCATALOG_COMPILER_APPICON_NAME = AppIcon;
				ASSETCATALOG_COMPILER_GLOBAL_ACCENT_COLOR_NAME = AccentColor;
				CODE_SIGN_STYLE = Automatic;
				CURRENT_PROJECT_VERSION = 1;
				DEVELOPMENT_ASSET_PATHS = "\"BetWell/Preview Content\"";
				DEVELOPMENT_TEAM = X6P6Y29QRZ;
				ENABLE_PREVIEWS = YES;
				GENERATE_INFOPLIST_FILE = YES;
				INFOPLIST_KEY_UIApplicationSceneManifest_Generation = YES;
				INFOPLIST_KEY_UIApplicationSupportsIndirectInputEvents = YES;
				INFOPLIST_KEY_UILaunchScreen_Generation = YES;
				INFOPLIST_KEY_UISupportedInterfaceOrientations_iPad = "UIInterfaceOrientationPortrait UIInterfaceOrientationPortraitUpsideDown UIInterfaceOrientationLandscapeLeft UIInterfaceOrientationLandscapeRight";
				INFOPLIST_KEY_UISupportedInterfaceOrientations_iPhone = "UIInterfaceOrientationPortrait UIInterfaceOrientationLandscapeLeft UIInterfaceOrientationLandscapeRight";
				IPHONEOS_DEPLOYMENT_TARGET = 15.0;
				LD_RUNPATH_SEARCH_PATHS = (
					"$(inherited)",
					"@executable_path/Frameworks",
				);
				MARKETING_VERSION = 1.0;
				PRODUCT_BUNDLE_IDENTIFIER = com.manndm4.BetWell;
				PRODUCT_NAME = "$(TARGET_NAME)";
				SWIFT_EMIT_LOC_STRINGS = YES;
				SWIFT_VERSION = 5.0;
				TARGETED_DEVICE_FAMILY = "1,2";
			};
			name = Debug;
		};
		1E8C55C72974BAB20061498C /* Release */ = {
			isa = XCBuildConfiguration;
			buildSettings = {
				ASSETCATALOG_COMPILER_APPICON_NAME = AppIcon;
				ASSETCATALOG_COMPILER_GLOBAL_ACCENT_COLOR_NAME = AccentColor;
				CODE_SIGN_STYLE = Automatic;
				CURRENT_PROJECT_VERSION = 1;
				DEVELOPMENT_ASSET_PATHS = "\"BetWell/Preview Content\"";
				DEVELOPMENT_TEAM = X6P6Y29QRZ;
				ENABLE_PREVIEWS = YES;
				GENERATE_INFOPLIST_FILE = YES;
				INFOPLIST_KEY_UIApplicationSceneManifest_Generation = YES;
				INFOPLIST_KEY_UIApplicationSupportsIndirectInputEvents = YES;
				INFOPLIST_KEY_UILaunchScreen_Generation = YES;
				INFOPLIST_KEY_UISupportedInterfaceOrientations_iPad = "UIInterfaceOrientationPortrait UIInterfaceOrientationPortraitUpsideDown UIInterfaceOrientationLandscapeLeft UIInterfaceOrientationLandscapeRight";
				INFOPLIST_KEY_UISupportedInterfaceOrientations_iPhone = "UIInterfaceOrientationPortrait UIInterfaceOrientationLandscapeLeft UIInterfaceOrientationLandscapeRight";
				IPHONEOS_DEPLOYMENT_TARGET = 15.0;
				LD_RUNPATH_SEARCH_PATHS = (
					"$(inherited)",
					"@executable_path/Frameworks",
				);
				MARKETING_VERSION = 1.0;
				PRODUCT_BUNDLE_IDENTIFIER = com.manndm4.BetWell;
				PRODUCT_NAME = "$(TARGET_NAME)";
				SWIFT_EMIT_LOC_STRINGS = YES;
				SWIFT_VERSION = 5.0;
				TARGETED_DEVICE_FAMILY = "1,2";
			};
			name = Release;
		};
		1E8C55C92974BAB20061498C /* Debug */ = {
			isa = XCBuildConfiguration;
			buildSettings = {
				ALWAYS_EMBED_SWIFT_STANDARD_LIBRARIES = YES;
				BUNDLE_LOADER = "$(TEST_HOST)";
				CODE_SIGN_STYLE = Automatic;
				CURRENT_PROJECT_VERSION = 1;
				DEVELOPMENT_TEAM = X6P6Y29QRZ;
				GENERATE_INFOPLIST_FILE = YES;
				IPHONEOS_DEPLOYMENT_TARGET = 16.2;
				MARKETING_VERSION = 1.0;
				PRODUCT_BUNDLE_IDENTIFIER = com.manndm4.BetWellTests;
				PRODUCT_NAME = "$(TARGET_NAME)";
				SWIFT_EMIT_LOC_STRINGS = NO;
				SWIFT_VERSION = 5.0;
				TARGETED_DEVICE_FAMILY = "1,2";
				TEST_HOST = "$(BUILT_PRODUCTS_DIR)/BetWell.app/$(BUNDLE_EXECUTABLE_FOLDER_PATH)/BetWell";
			};
			name = Debug;
		};
		1E8C55CA2974BAB20061498C /* Release */ = {
			isa = XCBuildConfiguration;
			buildSettings = {
				ALWAYS_EMBED_SWIFT_STANDARD_LIBRARIES = YES;
				BUNDLE_LOADER = "$(TEST_HOST)";
				CODE_SIGN_STYLE = Automatic;
				CURRENT_PROJECT_VERSION = 1;
				DEVELOPMENT_TEAM = X6P6Y29QRZ;
				GENERATE_INFOPLIST_FILE = YES;
				IPHONEOS_DEPLOYMENT_TARGET = 16.2;
				MARKETING_VERSION = 1.0;
				PRODUCT_BUNDLE_IDENTIFIER = com.manndm4.BetWellTests;
				PRODUCT_NAME = "$(TARGET_NAME)";
				SWIFT_EMIT_LOC_STRINGS = NO;
				SWIFT_VERSION = 5.0;
				TARGETED_DEVICE_FAMILY = "1,2";
				TEST_HOST = "$(BUILT_PRODUCTS_DIR)/BetWell.app/$(BUNDLE_EXECUTABLE_FOLDER_PATH)/BetWell";
			};
			name = Release;
		};
		1E8C55CC2974BAB20061498C /* Debug */ = {
			isa = XCBuildConfiguration;
			buildSettings = {
				ALWAYS_EMBED_SWIFT_STANDARD_LIBRARIES = YES;
				CODE_SIGN_STYLE = Automatic;
				CURRENT_PROJECT_VERSION = 1;
				DEVELOPMENT_TEAM = X6P6Y29QRZ;
				GENERATE_INFOPLIST_FILE = YES;
				MARKETING_VERSION = 1.0;
				PRODUCT_BUNDLE_IDENTIFIER = com.manndm4.BetWellUITests;
				PRODUCT_NAME = "$(TARGET_NAME)";
				SWIFT_EMIT_LOC_STRINGS = NO;
				SWIFT_VERSION = 5.0;
				TARGETED_DEVICE_FAMILY = "1,2";
				TEST_TARGET_NAME = BetWell;
			};
			name = Debug;
		};
		1E8C55CD2974BAB20061498C /* Release */ = {
			isa = XCBuildConfiguration;
			buildSettings = {
				ALWAYS_EMBED_SWIFT_STANDARD_LIBRARIES = YES;
				CODE_SIGN_STYLE = Automatic;
				CURRENT_PROJECT_VERSION = 1;
				DEVELOPMENT_TEAM = X6P6Y29QRZ;
				GENERATE_INFOPLIST_FILE = YES;
				MARKETING_VERSION = 1.0;
				PRODUCT_BUNDLE_IDENTIFIER = com.manndm4.BetWellUITests;
				PRODUCT_NAME = "$(TARGET_NAME)";
				SWIFT_EMIT_LOC_STRINGS = NO;
				SWIFT_VERSION = 5.0;
				TARGETED_DEVICE_FAMILY = "1,2";
				TEST_TARGET_NAME = BetWell;
			};
			name = Release;
		};
/* End XCBuildConfiguration section */

/* Begin XCConfigurationList section */
		1E8C55972974BAAE0061498C /* Build configuration list for PBXProject "BetWell" */ = {
			isa = XCConfigurationList;
			buildConfigurations = (
				1E8C55C32974BAB20061498C /* Debug */,
				1E8C55C42974BAB20061498C /* Release */,
			);
			defaultConfigurationIsVisible = 0;
			defaultConfigurationName = Release;
		};
		1E8C55C52974BAB20061498C /* Build configuration list for PBXNativeTarget "BetWell" */ = {
			isa = XCConfigurationList;
			buildConfigurations = (
				1E8C55C62974BAB20061498C /* Debug */,
				1E8C55C72974BAB20061498C /* Release */,
			);
			defaultConfigurationIsVisible = 0;
			defaultConfigurationName = Release;
		};
		1E8C55C82974BAB20061498C /* Build configuration list for PBXNativeTarget "BetWellTests" */ = {
			isa = XCConfigurationList;
			buildConfigurations = (
				1E8C55C92974BAB20061498C /* Debug */,
				1E8C55CA2974BAB20061498C /* Release */,
			);
			defaultConfigurationIsVisible = 0;
			defaultConfigurationName = Release;
		};
		1E8C55CB2974BAB20061498C /* Build configuration list for PBXNativeTarget "BetWellUITests" */ = {
			isa = XCConfigurationList;
			buildConfigurations = (
				1E8C55CC2974BAB20061498C /* Debug */,
				1E8C55CD2974BAB20061498C /* Release */,
			);
			defaultConfigurationIsVisible = 0;
			defaultConfigurationName = Release;
		};
/* End XCConfigurationList section */

/* Begin XCRemoteSwiftPackageReference section */
		1EF9CC5429A98130004943A9 /* XCRemoteSwiftPackageReference "swift-package-manager-google-mobile-ads" */ = {
			isa = XCRemoteSwiftPackageReference;
			repositoryURL = "https://github.com/googleads/swift-package-manager-google-mobile-ads.git";
			requirement = {
				kind = upToNextMajorVersion;
				minimumVersion = 9.0.0;
			};
		};
/* End XCRemoteSwiftPackageReference section */

/* Begin XCSwiftPackageProductDependency section */
		1EF9CC5529A98130004943A9 /* GoogleMobileAds */ = {
			isa = XCSwiftPackageProductDependency;
			package = 1EF9CC5429A98130004943A9 /* XCRemoteSwiftPackageReference "swift-package-manager-google-mobile-ads" */;
			productName = GoogleMobileAds;
		};
/* End XCSwiftPackageProductDependency section */

/* Begin XCVersionGroup section */
		1E8C55AA2974BAB20061498C /* BetWell.xcdatamodeld */ = {
			isa = XCVersionGroup;
			children = (
				1E8C55AB2974BAB20061498C /* BetWell.xcdatamodel */,
			);
			currentVersion = 1E8C55AB2974BAB20061498C /* BetWell.xcdatamodel */;
			path = BetWell.xcdatamodeld;
			sourceTree = "<group>";
			versionGroupType = wrapper.xcdatamodel;
		};
/* End XCVersionGroup section */
	};
	rootObject = 1E8C55942974BAAE0061498C /* Project object */;
}
